
Microsoft Visual Studio Solution File, Format Version 12.00
# Visual Studio 2013
VisualStudioVersion = 12.0.31101.0
MinimumVisualStudioVersion = 10.0.40219.1
Project("{FAE04EC0-301F-11D3-BF4B-00C04F79EFBC}") = "IanUtility", "..\utility\IanUtility.csproj", "{EC64F7A0-B0F3-409B-885B-63306937BC2A}"
EndProject
Project("{FAE04EC0-301F-11D3-BF4B-00C04F79EFBC}") = "DnD-Helper", "DnD-Helper\DnD-Helper.csproj", "{629099B7-2114-4359-AD14-DF2BFE510438}"
EndProject
Project("{930C7802-8A8C-48F9-8165-68863BCCD9DD}") = "SetupProject", "SetupProject\SetupProject.wixproj", "{9C21DA82-3544-4C88-A802-ECCF42EB6E24}"
EndProject
Global
	GlobalSection(SolutionConfigurationPlatforms) = preSolution
		Debug|Any CPU = Debug|Any CPU
		Debug|Mixed Platforms = Debug|Mixed Platforms
		Debug|x86 = Debug|x86
		PortableRelease|Any CPU = PortableRelease|Any CPU
		PortableRelease|Mixed Platforms = PortableRelease|Mixed Platforms
		PortableRelease|x86 = PortableRelease|x86
		Release|Any CPU = Release|Any CPU
		Release|Mixed Platforms = Release|Mixed Platforms
		Release|x86 = Release|x86
	EndGlobalSection
	GlobalSection(ProjectConfigurationPlatforms) = postSolution
		{EC64F7A0-B0F3-409B-885B-63306937BC2A}.Debug|Any CPU.ActiveCfg = Debug|Any CPU
		{EC64F7A0-B0F3-409B-885B-63306937BC2A}.Debug|Any CPU.Build.0 = Debug|Any CPU
		{EC64F7A0-B0F3-409B-885B-63306937BC2A}.Debug|Mixed Platforms.ActiveCfg = Debug|x86
		{EC64F7A0-B0F3-409B-885B-63306937BC2A}.Debug|Mixed Platforms.Build.0 = Debug|x86
		{EC64F7A0-B0F3-409B-885B-63306937BC2A}.Debug|x86.ActiveCfg = Debug|x86
		{EC64F7A0-B0F3-409B-885B-63306937BC2A}.Debug|x86.Build.0 = Debug|x86
		{EC64F7A0-B0F3-409B-885B-63306937BC2A}.PortableRelease|Any CPU.ActiveCfg = PortableRelease|Any CPU
		{EC64F7A0-B0F3-409B-885B-63306937BC2A}.PortableRelease|Any CPU.Build.0 = PortableRelease|Any CPU
		{EC64F7A0-B0F3-409B-885B-63306937BC2A}.PortableRelease|Mixed Platforms.ActiveCfg = PortableRelease|x86
		{EC64F7A0-B0F3-409B-885B-63306937BC2A}.PortableRelease|Mixed Platforms.Build.0 = PortableRelease|x86
		{EC64F7A0-B0F3-409B-885B-63306937BC2A}.PortableRelease|x86.ActiveCfg = PortableRelease|x86
		{EC64F7A0-B0F3-409B-885B-63306937BC2A}.PortableRelease|x86.Build.0 = PortableRelease|x86
		{EC64F7A0-B0F3-409B-885B-63306937BC2A}.Release|Any CPU.ActiveCfg = Release|Any CPU
		{EC64F7A0-B0F3-409B-885B-63306937BC2A}.Release|Any CPU.Build.0 = Release|Any CPU
		{EC64F7A0-B0F3-409B-885B-63306937BC2A}.Release|Mixed Platforms.ActiveCfg = Release|x86
		{EC64F7A0-B0F3-409B-885B-63306937BC2A}.Release|Mixed Platforms.Build.0 = Release|x86
		{EC64F7A0-B0F3-409B-885B-63306937BC2A}.Release|x86.ActiveCfg = Release|x86
		{EC64F7A0-B0F3-409B-885B-63306937BC2A}.Release|x86.Build.0 = Release|x86
		{629099B7-2114-4359-AD14-DF2BFE510438}.Debug|Any CPU.ActiveCfg = Debug|Any CPU
		{629099B7-2114-4359-AD14-DF2BFE510438}.Debug|Any CPU.Build.0 = Debug|Any CPU
		{629099B7-2114-4359-AD14-DF2BFE510438}.Debug|Mixed Platforms.ActiveCfg = Debug|x86
		{629099B7-2114-4359-AD14-DF2BFE510438}.Debug|Mixed Platforms.Build.0 = Debug|x86
		{629099B7-2114-4359-AD14-DF2BFE510438}.Debug|x86.ActiveCfg = Debug|x86
		{629099B7-2114-4359-AD14-DF2BFE510438}.Debug|x86.Build.0 = Debug|x86
		{629099B7-2114-4359-AD14-DF2BFE510438}.PortableRelease|Any CPU.ActiveCfg = PortableRelease|Any CPU
		{629099B7-2114-4359-AD14-DF2BFE510438}.PortableRelease|Any CPU.Build.0 = PortableRelease|Any CPU
		{629099B7-2114-4359-AD14-DF2BFE510438}.PortableRelease|Mixed Platforms.ActiveCfg = PortableRelease|x86
		{629099B7-2114-4359-AD14-DF2BFE510438}.PortableRelease|Mixed Platforms.Build.0 = PortableRelease|x86
		{629099B7-2114-4359-AD14-DF2BFE510438}.PortableRelease|x86.ActiveCfg = PortableRelease|x86
		{629099B7-2114-4359-AD14-DF2BFE510438}.PortableRelease|x86.Build.0 = PortableRelease|x86
		{629099B7-2114-4359-AD14-DF2BFE510438}.Release|Any CPU.ActiveCfg = Release|Any CPU
		{629099B7-2114-4359-AD14-DF2BFE510438}.Release|Any CPU.Build.0 = Release|Any CPU
		{629099B7-2114-4359-AD14-DF2BFE510438}.Release|Mixed Platforms.ActiveCfg = Release|x86
		{629099B7-2114-4359-AD14-DF2BFE510438}.Release|Mixed Platforms.Build.0 = Release|x86
		{629099B7-2114-4359-AD14-DF2BFE510438}.Release|x86.ActiveCfg = Release|x86
		{629099B7-2114-4359-AD14-DF2BFE510438}.Release|x86.Build.0 = Release|x86
		{9C21DA82-3544-4C88-A802-ECCF42EB6E24}.Debug|Any CPU.ActiveCfg = Debug|x86
		{9C21DA82-3544-4C88-A802-ECCF42EB6E24}.Debug|Mixed Platforms.ActiveCfg = Debug|x86
		{9C21DA82-3544-4C88-A802-ECCF42EB6E24}.Debug|Mixed Platforms.Build.0 = Debug|x86
		{9C21DA82-3544-4C88-A802-ECCF42EB6E24}.Debug|x86.ActiveCfg = Debug|x86
		{9C21DA82-3544-4C88-A802-ECCF42EB6E24}.Debug|x86.Build.0 = Debug|x86
		{9C21DA82-3544-4C88-A802-ECCF42EB6E24}.PortableRelease|Any CPU.ActiveCfg = Release|x86
		{9C21DA82-3544-4C88-A802-ECCF42EB6E24}.PortableRelease|Mixed Platforms.ActiveCfg = Release|x86
		{9C21DA82-3544-4C88-A802-ECCF42EB6E24}.PortableRelease|Mixed Platforms.Build.0 = Release|x86
		{9C21DA82-3544-4C88-A802-ECCF42EB6E24}.PortableRelease|x86.ActiveCfg = Release|x86
		{9C21DA82-3544-4C88-A802-ECCF42EB6E24}.PortableRelease|x86.Build.0 = Release|x86
		{9C21DA82-3544-4C88-A802-ECCF42EB6E24}.Release|Any CPU.ActiveCfg = Release|x86
		{9C21DA82-3544-4C88-A802-ECCF42EB6E24}.Release|Mixed Platforms.ActiveCfg = Release|x86
		{9C21DA82-3544-4C88-A802-ECCF42EB6E24}.Release|Mixed Platforms.Build.0 = Release|x86
		{9C21DA82-3544-4C88-A802-ECCF42EB6E24}.Release|x86.ActiveCfg = Release|x86
		{9C21DA82-3544-4C88-A802-ECCF42EB6E24}.Release|x86.Build.0 = Release|x86
	EndGlobalSection
	GlobalSection(SolutionProperties) = preSolution
		HideSolutionNode = FALSE
	EndGlobalSection
EndGlobal
